
Microsoft Visual Studio Solution File, Format Version 12.00
# Visual Studio Version 17
VisualStudioVersion = 17.1.32319.34
MinimumVisualStudioVersion = 10.0.40219.1
Project("{9A19103F-16F7-4668-BE54-9A1E7A4F7556}") = "Strategy", "PatternStrategy\Strategy.csproj", "{50AB5773-12E5-472A-9755-0CA257CA2020}"
EndProject
Project("{9A19103F-16F7-4668-BE54-9A1E7A4F7556}") = "TestStrategy", "TestStrategy\TestStrategy.csproj", "{3F9D6FC3-666B-43CA-90DD-43462EF7F0E6}"
EndProject
Global
	GlobalSection(SolutionConfigurationPlatforms) = preSolution
		Debug|Any CPU = Debug|Any CPU
		Release|Any CPU = Release|Any CPU
	EndGlobalSection
	GlobalSection(ProjectConfigurationPlatforms) = postSolution
		{50AB5773-12E5-472A-9755-0CA257CA2020}.Debug|Any CPU.ActiveCfg = Debug|Any CPU
		{50AB5773-12E5-472A-9755-0CA257CA2020}.Debug|Any CPU.Build.0 = Debug|Any CPU
		{50AB5773-12E5-472A-9755-0CA257CA2020}.Release|Any CPU.ActiveCfg = Release|Any CPU
		{50AB5773-12E5-472A-9755-0CA257CA2020}.Release|Any CPU.Build.0 = Release|Any CPU
		{3F9D6FC3-666B-43CA-90DD-43462EF7F0E6}.Debug|Any CPU.ActiveCfg = Debug|Any CPU
		{3F9D6FC3-666B-43CA-90DD-43462EF7F0E6}.Debug|Any CPU.Build.0 = Debug|Any CPU
		{3F9D6FC3-666B-43CA-90DD-43462EF7F0E6}.Release|Any CPU.ActiveCfg = Release|Any CPU
		{3F9D6FC3-666B-43CA-90DD-43462EF7F0E6}.Release|Any CPU.Build.0 = Release|Any CPU
	EndGlobalSection
	GlobalSection(SolutionProperties) = preSolution
		HideSolutionNode = FALSE
	EndGlobalSection
	GlobalSection(ExtensibilityGlobals) = postSolution
		SolutionGuid = {B6D3B93B-A3B1-4A8F-8146-35E70DB337DD}
	EndGlobalSection
EndGlobal
